{
  "name": "singular-ml",
  "version": "1.0.0",
  "lockfileVersion": 1,
  "requires": true,
  "dependencies": {
    "@types/node": {
      "version": "7.0.56",
      "resolved": "https://registry.npmjs.org/@types/node/-/node-7.0.56.tgz",
      "integrity": "sha512-NgjN3xPyqbAXSIpznNAR5Cisx5uKqJWxcS9kefzSFEX/9J7O01/FHyfnvPI7SztBf9p6c8mqOn3olZWJx3ja6g=="
    }
  }
}
